
Microsoft Visual Studio Solution File, Format Version 12.00
# Visual Studio Version 17
VisualStudioVersion = 17.5.33424.131
MinimumVisualStudioVersion = 10.0.40219.1
Project("{FAE04EC0-301F-11D3-BF4B-00C04F79EFBC}") = "Trade Provider", "Trade Provider\Trade Provider.csproj", "{33ED227D-4AC8-4E76-A067-2E71B2419CA0}"
EndProject
Global
	GlobalSection(SolutionConfigurationPlatforms) = preSolution
		Debug|Any CPU = Debug|Any CPU
		Release|Any CPU = Release|Any CPU
	EndGlobalSection
	GlobalSection(ProjectConfigurationPlatforms) = postSolution
		{33ED227D-4AC8-4E76-A067-2E71B2419CA0}.Debug|Any CPU.ActiveCfg = Debug|Any CPU
		{33ED227D-4AC8-4E76-A067-2E71B2419CA0}.Debug|Any CPU.Build.0 = Debug|Any CPU
		{33ED227D-4AC8-4E76-A067-2E71B2419CA0}.Release|Any CPU.ActiveCfg = Release|Any CPU
		{33ED227D-4AC8-4E76-A067-2E71B2419CA0}.Release|Any CPU.Build.0 = Release|Any CPU
	EndGlobalSection
	GlobalSection(SolutionProperties) = preSolution
		HideSolutionNode = FALSE
	EndGlobalSection
	GlobalSection(ExtensibilityGlobals) = postSolution
		SolutionGuid = {E2417379-1A40-4F17-A8D2-5B2CBFB36317}
	EndGlobalSection
EndGlobal
